
Microsoft Visual Studio Solution File, Format Version 12.00
# Visual Studio Version 17
VisualStudioVersion = 17.0.31903.59
MinimumVisualStudioVersion = 10.0.40219.1
Project("{2150E333-8FDC-42A3-9474-1A3956D46DE8}") = "src", "src", "{827E0CD3-B72D-47B6-A68D-7590B98EB39B}"
EndProject
Project("{FAE04EC0-301F-11D3-BF4B-00C04F79EFBC}") = "MCPClient", "src\MCPClient\MCPClient.csproj", "{1D3994B2-3901-457B-97D1-2C3052136919}"
EndProject
Project("{FAE04EC0-301F-11D3-BF4B-00C04F79EFBC}") = "MCPClient.Core", "src\MCPClient.Core\MCPClient.Core.csproj", "{12B291DC-29E8-4EDC-9A71-754FB4BB07C9}"
EndProject
Project("{FAE04EC0-301F-11D3-BF4B-00C04F79EFBC}") = "MCPClient.Data", "src\MCPClient.Data\MCPClient.Data.csproj", "{91FE9E07-6A1F-4CC3-9803-6BB2B94492A7}"
EndProject
Project("{FAE04EC0-301F-11D3-BF4B-00C04F79EFBC}") = "MCPClient.Tests", "tests\MCPClient.Tests\MCPClient.Tests.csproj", "{DEB76710-602B-470E-8C06-7946AD3C1C24}"
EndProject
Global
	GlobalSection(SolutionConfigurationPlatforms) = preSolution
		Debug|Any CPU = Debug|Any CPU
		Debug|x64 = Debug|x64
		Debug|x86 = Debug|x86
		Release|Any CPU = Release|Any CPU
		Release|x64 = Release|x64
		Release|x86 = Release|x86
	EndGlobalSection
	GlobalSection(ProjectConfigurationPlatforms) = postSolution
		{1D3994B2-3901-457B-97D1-2C3052136919}.Debug|Any CPU.ActiveCfg = Debug|x86
		{1D3994B2-3901-457B-97D1-2C3052136919}.Debug|Any CPU.Build.0 = Debug|x86
		{1D3994B2-3901-457B-97D1-2C3052136919}.Debug|x64.ActiveCfg = Debug|x64
		{1D3994B2-3901-457B-97D1-2C3052136919}.Debug|x64.Build.0 = Debug|x64
		{1D3994B2-3901-457B-97D1-2C3052136919}.Debug|x86.ActiveCfg = Debug|x86
		{1D3994B2-3901-457B-97D1-2C3052136919}.Debug|x86.Build.0 = Debug|x86
		{1D3994B2-3901-457B-97D1-2C3052136919}.Release|Any CPU.ActiveCfg = Release|x86
		{1D3994B2-3901-457B-97D1-2C3052136919}.Release|Any CPU.Build.0 = Release|x86
		{1D3994B2-3901-457B-97D1-2C3052136919}.Release|x64.ActiveCfg = Release|x64
		{1D3994B2-3901-457B-97D1-2C3052136919}.Release|x64.Build.0 = Release|x64
		{1D3994B2-3901-457B-97D1-2C3052136919}.Release|x86.ActiveCfg = Release|x86
		{1D3994B2-3901-457B-97D1-2C3052136919}.Release|x86.Build.0 = Release|x86
		{12B291DC-29E8-4EDC-9A71-754FB4BB07C9}.Debug|Any CPU.ActiveCfg = Debug|Any CPU
		{12B291DC-29E8-4EDC-9A71-754FB4BB07C9}.Debug|Any CPU.Build.0 = Debug|Any CPU
		{12B291DC-29E8-4EDC-9A71-754FB4BB07C9}.Debug|x64.ActiveCfg = Debug|Any CPU
		{12B291DC-29E8-4EDC-9A71-754FB4BB07C9}.Debug|x64.Build.0 = Debug|Any CPU
		{12B291DC-29E8-4EDC-9A71-754FB4BB07C9}.Debug|x86.ActiveCfg = Debug|Any CPU
		{12B291DC-29E8-4EDC-9A71-754FB4BB07C9}.Debug|x86.Build.0 = Debug|Any CPU
		{12B291DC-29E8-4EDC-9A71-754FB4BB07C9}.Release|Any CPU.ActiveCfg = Release|Any CPU
		{12B291DC-29E8-4EDC-9A71-754FB4BB07C9}.Release|Any CPU.Build.0 = Release|Any CPU
		{12B291DC-29E8-4EDC-9A71-754FB4BB07C9}.Release|x64.ActiveCfg = Release|Any CPU
		{12B291DC-29E8-4EDC-9A71-754FB4BB07C9}.Release|x64.Build.0 = Release|Any CPU
		{12B291DC-29E8-4EDC-9A71-754FB4BB07C9}.Release|x86.ActiveCfg = Release|Any CPU
		{12B291DC-29E8-4EDC-9A71-754FB4BB07C9}.Release|x86.Build.0 = Release|Any CPU
		{91FE9E07-6A1F-4CC3-9803-6BB2B94492A7}.Debug|Any CPU.ActiveCfg = Debug|Any CPU
		{91FE9E07-6A1F-4CC3-9803-6BB2B94492A7}.Debug|Any CPU.Build.0 = Debug|Any CPU
		{91FE9E07-6A1F-4CC3-9803-6BB2B94492A7}.Debug|x64.ActiveCfg = Debug|Any CPU
		{91FE9E07-6A1F-4CC3-9803-6BB2B94492A7}.Debug|x64.Build.0 = Debug|Any CPU
		{91FE9E07-6A1F-4CC3-9803-6BB2B94492A7}.Debug|x86.ActiveCfg = Debug|Any CPU
		{91FE9E07-6A1F-4CC3-9803-6BB2B94492A7}.Debug|x86.Build.0 = Debug|Any CPU
		{91FE9E07-6A1F-4CC3-9803-6BB2B94492A7}.Release|Any CPU.ActiveCfg = Release|Any CPU
		{91FE9E07-6A1F-4CC3-9803-6BB2B94492A7}.Release|Any CPU.Build.0 = Release|Any CPU
		{91FE9E07-6A1F-4CC3-9803-6BB2B94492A7}.Release|x64.ActiveCfg = Release|Any CPU
		{91FE9E07-6A1F-4CC3-9803-6BB2B94492A7}.Release|x64.Build.0 = Release|Any CPU
		{91FE9E07-6A1F-4CC3-9803-6BB2B94492A7}.Release|x86.ActiveCfg = Release|Any CPU
		{91FE9E07-6A1F-4CC3-9803-6BB2B94492A7}.Release|x86.Build.0 = Release|Any CPU
		{DEB76710-602B-470E-8C06-7946AD3C1C24}.Debug|Any CPU.ActiveCfg = Debug|Any CPU
		{DEB76710-602B-470E-8C06-7946AD3C1C24}.Debug|Any CPU.Build.0 = Debug|Any CPU
		{DEB76710-602B-470E-8C06-7946AD3C1C24}.Debug|x64.ActiveCfg = Debug|Any CPU
		{DEB76710-602B-470E-8C06-7946AD3C1C24}.Debug|x64.Build.0 = Debug|Any CPU
		{DEB76710-602B-470E-8C06-7946AD3C1C24}.Debug|x86.ActiveCfg = Debug|Any CPU
		{DEB76710-602B-470E-8C06-7946AD3C1C24}.Debug|x86.Build.0 = Debug|Any CPU
		{DEB76710-602B-470E-8C06-7946AD3C1C24}.Release|Any CPU.ActiveCfg = Release|Any CPU
		{DEB76710-602B-470E-8C06-7946AD3C1C24}.Release|Any CPU.Build.0 = Release|Any CPU
		{DEB76710-602B-470E-8C06-7946AD3C1C24}.Release|x64.ActiveCfg = Release|Any CPU
		{DEB76710-602B-470E-8C06-7946AD3C1C24}.Release|x64.Build.0 = Release|Any CPU
		{DEB76710-602B-470E-8C06-7946AD3C1C24}.Release|x86.ActiveCfg = Release|Any CPU
		{DEB76710-602B-470E-8C06-7946AD3C1C24}.Release|x86.Build.0 = Release|Any CPU
	EndGlobalSection
	GlobalSection(SolutionProperties) = preSolution
		HideSolutionNode = FALSE
	EndGlobalSection
	GlobalSection(NestedProjects) = preSolution
		{1D3994B2-3901-457B-97D1-2C3052136919} = {827E0CD3-B72D-47B6-A68D-7590B98EB39B}
		{12B291DC-29E8-4EDC-9A71-754FB4BB07C9} = {827E0CD3-B72D-47B6-A68D-7590B98EB39B}
		{91FE9E07-6A1F-4CC3-9803-6BB2B94492A7} = {827E0CD3-B72D-47B6-A68D-7590B98EB39B}
		{DEB76710-602B-470E-8C06-7946AD3C1C24} = {827E0CD3-B72D-47B6-A68D-7590B98EB39B}
	EndGlobalSection
EndGlobal
